
Microsoft Visual Studio Solution File, Format Version 12.00
# Visual Studio 14
VisualStudioVersion = 14.0.23107.0
MinimumVisualStudioVersion = 10.0.40219.1
Project("{FAE04EC0-301F-11D3-BF4B-00C04F79EFBC}") = "VSIXIvson", "VSIXIvson.csproj", "{A8A69B94-858C-4F73-82A5-ED03D8C3C670}"
EndProject
Global
	GlobalSection(SolutionConfigurationPlatforms) = preSolution
		Debug|Any CPU = Debug|Any CPU
		Release|Any CPU = Release|Any CPU
	EndGlobalSection
	GlobalSection(ProjectConfigurationPlatforms) = postSolution
		{A8A69B94-858C-4F73-82A5-ED03D8C3C670}.Debug|Any CPU.ActiveCfg = Debug|Any CPU
		{A8A69B94-858C-4F73-82A5-ED03D8C3C670}.Debug|Any CPU.Build.0 = Debug|Any CPU
		{A8A69B94-858C-4F73-82A5-ED03D8C3C670}.Release|Any CPU.ActiveCfg = Release|Any CPU
		{A8A69B94-858C-4F73-82A5-ED03D8C3C670}.Release|Any CPU.Build.0 = Release|Any CPU
	EndGlobalSection
	GlobalSection(SolutionProperties) = preSolution
		HideSolutionNode = FALSE
	EndGlobalSection
EndGlobal
